
Microsoft Visual Studio Solution File, Format Version 12.00
# RemObjects Fire
Project("{656346D9-4656-40DA-A068-22D5425D4639}") = "AerisCore", "AerisCore\AerisCore.elements", "{5C9A09D9-D358-4B33-AC1F-CE6A8BB78CA2}"
EndProject
Project("{656346D9-4656-40DA-A068-22D5425D4639}") = "AerisCoreUI", "AerisCoreUI\AerisCoreUI.elements", "{262A90E9-CE2A-463B-99F9-4B5E18704A48}"
EndProject
Project("{656346D9-4656-40DA-A068-22D5425D4639}") = "AerisMapKit", "AerisMapKit\AerisMapKit.elements", "{CAB8B790-08C1-4759-8CE3-6A1178032FDA}"
EndProject
Project("{656346D9-4656-40DA-A068-22D5425D4639}") = "AerisWeatherKit", "AerisWeatherKit\AerisWeatherKit.elements", "{636F8748-A246-47C7-869D-1C3990B43CB8}"
EndProject
Project("{656346D9-4656-40DA-A068-22D5425D4639}") = "AppAuth", "AppAuth.elements", "{3EA6B98C-332B-4242-99F0-1CCED696AE02}"
EndProject
Project("{656346D9-4656-40DA-A068-22D5425D4639}") = "Awesome", "Awesome\Awesome.elements", "{4A237D66-746D-4F33-B7BB-6D80FFE7F15B}"
EndProject
Project("{656346D9-4656-40DA-A068-22D5425D4639}") = "BEMCheckBox", "BEMCheckBox.elements", "{F3D42005-1938-4410-BF2D-A7C7C21DE5DE}"
EndProject
Project("{656346D9-4656-40DA-A068-22D5425D4639}") = "CocoaLumberjack", "CocoaLumberjack\CocoaLumberjack.elements", "{1FCB86E2-697B-4BE2-BBA9-2129A5A22A01}"
EndProject
Project("{656346D9-4656-40DA-A068-22D5425D4639}") = "LGPlusButtons", "LGPlusButtons.elements", "{5294FC8F-9A54-4CE4-971E-60AB7A5A8478}"
EndProject
Project("{656346D9-4656-40DA-A068-22D5425D4639}") = "LGPlusButtonsViewFramework", "LGPlusButtonsViewFramework.elements", "{611A2212-6B1D-4F33-86FB-8B507BC00E1B}"
EndProject
Project("{656346D9-4656-40DA-A068-22D5425D4639}") = "MKDropDownMenu", "MKDropDownMenu.elements", "{8899F818-AABD-41F5-B8E6-8E0D541F654C}"
EndProject
Project("{656346D9-4656-40DA-A068-22D5425D4639}") = "PureLayout", "PureLayout.elements", "{B97E5BB2-965F-468F-9C3D-3F1F52C0E90E}"
EndProject
Project("{656346D9-4656-40DA-A068-22D5425D4639}") = "Realm", "Realm.elements", "{3F70B500-83BE-4A5E-99B5-EC9FFDB343C8}"
EndProject
Project("{656346D9-4656-40DA-A068-22D5425D4639}") = "ZipUtilities", "ZipUtilities\ZipUtilities.elements", "{8E55C1BB-6AA8-4BCC-88F6-F1F97D964D69}"
EndProject
Global
	GlobalSection(SolutionConfigurationPlatforms) = preSolution
		Debug|AnyCPU = Debug|AnyCPU
		Release|AnyCPU = Release|AnyCPU
	EndGlobalSection
	GlobalSection(ProjectConfigurationPlatforms) = postSolution
		{5C9A09D9-D358-4B33-AC1F-CE6A8BB78CA2}.Debug|AnyCPU.ActiveCfg = Debug|AnyCPU
		{5C9A09D9-D358-4B33-AC1F-CE6A8BB78CA2}.Debug|AnyCPU.Build.0 = Debug|AnyCPU
		{5C9A09D9-D358-4B33-AC1F-CE6A8BB78CA2}.Release|AnyCPU.ActiveCfg = Release|AnyCPU
		{5C9A09D9-D358-4B33-AC1F-CE6A8BB78CA2}.Release|AnyCPU.Build.0 = Release|AnyCPU
		{262A90E9-CE2A-463B-99F9-4B5E18704A48}.Debug|AnyCPU.ActiveCfg = Debug|AnyCPU
		{262A90E9-CE2A-463B-99F9-4B5E18704A48}.Debug|AnyCPU.Build.0 = Debug|AnyCPU
		{262A90E9-CE2A-463B-99F9-4B5E18704A48}.Release|AnyCPU.ActiveCfg = Release|AnyCPU
		{262A90E9-CE2A-463B-99F9-4B5E18704A48}.Release|AnyCPU.Build.0 = Release|AnyCPU
		{CAB8B790-08C1-4759-8CE3-6A1178032FDA}.Debug|AnyCPU.ActiveCfg = Debug|AnyCPU
		{CAB8B790-08C1-4759-8CE3-6A1178032FDA}.Debug|AnyCPU.Build.0 = Debug|AnyCPU
		{CAB8B790-08C1-4759-8CE3-6A1178032FDA}.Release|AnyCPU.ActiveCfg = Release|AnyCPU
		{CAB8B790-08C1-4759-8CE3-6A1178032FDA}.Release|AnyCPU.Build.0 = Release|AnyCPU
		{636F8748-A246-47C7-869D-1C3990B43CB8}.Debug|AnyCPU.ActiveCfg = Debug|AnyCPU
		{636F8748-A246-47C7-869D-1C3990B43CB8}.Debug|AnyCPU.Build.0 = Debug|AnyCPU
		{636F8748-A246-47C7-869D-1C3990B43CB8}.Release|AnyCPU.ActiveCfg = Release|AnyCPU
		{636F8748-A246-47C7-869D-1C3990B43CB8}.Release|AnyCPU.Build.0 = Release|AnyCPU
		{3EA6B98C-332B-4242-99F0-1CCED696AE02}.Debug|AnyCPU.ActiveCfg = Debug|AnyCPU
		{3EA6B98C-332B-4242-99F0-1CCED696AE02}.Debug|AnyCPU.Build.0 = Debug|AnyCPU
		{3EA6B98C-332B-4242-99F0-1CCED696AE02}.Release|AnyCPU.ActiveCfg = Release|AnyCPU
		{3EA6B98C-332B-4242-99F0-1CCED696AE02}.Release|AnyCPU.Build.0 = Release|AnyCPU
		{4A237D66-746D-4F33-B7BB-6D80FFE7F15B}.Debug|AnyCPU.ActiveCfg = Debug|AnyCPU
		{4A237D66-746D-4F33-B7BB-6D80FFE7F15B}.Debug|AnyCPU.Build.0 = Debug|AnyCPU
		{4A237D66-746D-4F33-B7BB-6D80FFE7F15B}.Release|AnyCPU.ActiveCfg = Release|AnyCPU
		{4A237D66-746D-4F33-B7BB-6D80FFE7F15B}.Release|AnyCPU.Build.0 = Release|AnyCPU
		{F3D42005-1938-4410-BF2D-A7C7C21DE5DE}.Debug|AnyCPU.ActiveCfg = Debug|AnyCPU
		{F3D42005-1938-4410-BF2D-A7C7C21DE5DE}.Debug|AnyCPU.Build.0 = Debug|AnyCPU
		{F3D42005-1938-4410-BF2D-A7C7C21DE5DE}.Release|AnyCPU.ActiveCfg = Release|AnyCPU
		{F3D42005-1938-4410-BF2D-A7C7C21DE5DE}.Release|AnyCPU.Build.0 = Release|AnyCPU
		{1FCB86E2-697B-4BE2-BBA9-2129A5A22A01}.Debug|AnyCPU.ActiveCfg = Debug|AnyCPU
		{1FCB86E2-697B-4BE2-BBA9-2129A5A22A01}.Debug|AnyCPU.Build.0 = Debug|AnyCPU
		{1FCB86E2-697B-4BE2-BBA9-2129A5A22A01}.Release|AnyCPU.ActiveCfg = Release|AnyCPU
		{1FCB86E2-697B-4BE2-BBA9-2129A5A22A01}.Release|AnyCPU.Build.0 = Release|AnyCPU
		{5294FC8F-9A54-4CE4-971E-60AB7A5A8478}.Debug|AnyCPU.ActiveCfg = Debug|AnyCPU
		{5294FC8F-9A54-4CE4-971E-60AB7A5A8478}.Debug|AnyCPU.Build.0 = Debug|AnyCPU
		{5294FC8F-9A54-4CE4-971E-60AB7A5A8478}.Release|AnyCPU.ActiveCfg = Release|AnyCPU
		{5294FC8F-9A54-4CE4-971E-60AB7A5A8478}.Release|AnyCPU.Build.0 = Release|AnyCPU
		{611A2212-6B1D-4F33-86FB-8B507BC00E1B}.Debug|AnyCPU.ActiveCfg = Debug|AnyCPU
		{611A2212-6B1D-4F33-86FB-8B507BC00E1B}.Debug|AnyCPU.Build.0 = Debug|AnyCPU
		{611A2212-6B1D-4F33-86FB-8B507BC00E1B}.Release|AnyCPU.ActiveCfg = Release|AnyCPU
		{611A2212-6B1D-4F33-86FB-8B507BC00E1B}.Release|AnyCPU.Build.0 = Release|AnyCPU
		{8899F818-AABD-41F5-B8E6-8E0D541F654C}.Debug|AnyCPU.ActiveCfg = Debug|AnyCPU
		{8899F818-AABD-41F5-B8E6-8E0D541F654C}.Debug|AnyCPU.Build.0 = Debug|AnyCPU
		{8899F818-AABD-41F5-B8E6-8E0D541F654C}.Release|AnyCPU.ActiveCfg = Release|AnyCPU
		{8899F818-AABD-41F5-B8E6-8E0D541F654C}.Release|AnyCPU.Build.0 = Release|AnyCPU
		{B97E5BB2-965F-468F-9C3D-3F1F52C0E90E}.Debug|AnyCPU.ActiveCfg = Debug|AnyCPU
		{B97E5BB2-965F-468F-9C3D-3F1F52C0E90E}.Debug|AnyCPU.Build.0 = Debug|AnyCPU
		{B97E5BB2-965F-468F-9C3D-3F1F52C0E90E}.Release|AnyCPU.ActiveCfg = Release|AnyCPU
		{B97E5BB2-965F-468F-9C3D-3F1F52C0E90E}.Release|AnyCPU.Build.0 = Release|AnyCPU
		{3F70B500-83BE-4A5E-99B5-EC9FFDB343C8}.Debug|AnyCPU.ActiveCfg = Debug|AnyCPU
		{3F70B500-83BE-4A5E-99B5-EC9FFDB343C8}.Debug|AnyCPU.Build.0 = Debug|AnyCPU
		{3F70B500-83BE-4A5E-99B5-EC9FFDB343C8}.Release|AnyCPU.ActiveCfg = Release|AnyCPU
		{3F70B500-83BE-4A5E-99B5-EC9FFDB343C8}.Release|AnyCPU.Build.0 = Release|AnyCPU
		{8E55C1BB-6AA8-4BCC-88F6-F1F97D964D69}.Debug|AnyCPU.ActiveCfg = Debug|AnyCPU
		{8E55C1BB-6AA8-4BCC-88F6-F1F97D964D69}.Debug|AnyCPU.Build.0 = Debug|AnyCPU
		{8E55C1BB-6AA8-4BCC-88F6-F1F97D964D69}.Release|AnyCPU.ActiveCfg = Release|AnyCPU
		{8E55C1BB-6AA8-4BCC-88F6-F1F97D964D69}.Release|AnyCPU.Build.0 = Release|AnyCPU
	EndGlobalSection
	GlobalSection(SolutionProperties) = preSolution
		HideSolutionNode = FALSE
	EndGlobalSection
EndGlobal